
Microsoft Visual Studio Solution File, Format Version 12.00
# Visual Studio Version 16
VisualStudioVersion = 16.0.31005.135
MinimumVisualStudioVersion = 10.0.40219.1
Project("{8BC9CEB8-8B4A-11D0-8D11-00A0C91BC942}") = "KHSound", "KHSound.vcxproj", "{47FA368A-B402-4107-9043-41B094E7DCE2}"
EndProject
Global
	GlobalSection(SolutionConfigurationPlatforms) = preSolution
		Debug|x64 = Debug|x64
		Debug|x86 = Debug|x86
		Release|x64 = Release|x64
		Release|x86 = Release|x86
	EndGlobalSection
	GlobalSection(ProjectConfigurationPlatforms) = postSolution
		{47FA368A-B402-4107-9043-41B094E7DCE2}.Debug|x64.ActiveCfg = Debug|x64
		{47FA368A-B402-4107-9043-41B094E7DCE2}.Debug|x64.Build.0 = Debug|x64
		{47FA368A-B402-4107-9043-41B094E7DCE2}.Debug|x86.ActiveCfg = Debug|Win32
		{47FA368A-B402-4107-9043-41B094E7DCE2}.Debug|x86.Build.0 = Debug|Win32
		{47FA368A-B402-4107-9043-41B094E7DCE2}.Release|x64.ActiveCfg = Release|x64
		{47FA368A-B402-4107-9043-41B094E7DCE2}.Release|x64.Build.0 = Release|x64
		{47FA368A-B402-4107-9043-41B094E7DCE2}.Release|x86.ActiveCfg = Release|Win32
		{47FA368A-B402-4107-9043-41B094E7DCE2}.Release|x86.Build.0 = Release|Win32
	EndGlobalSection
	GlobalSection(SolutionProperties) = preSolution
		HideSolutionNode = FALSE
	EndGlobalSection
	GlobalSection(ExtensibilityGlobals) = postSolution
		SolutionGuid = {4F91463C-79DA-455B-B1A4-C71B52F6164F}
	EndGlobalSection
EndGlobal
