<?xml version="1.0" encoding="utf-8"?>
<Project ToolsVersion="4.0" xmlns="http://schemas.microsoft.com/developer/msbuild/2003">
  <ItemGroup>
    <Filter Include="소스 파일">
      <UniqueIdentifier>{4FC737F1-C7A5-4376-A066-2A32D752A2FF}</UniqueIdentifier>
      <Extensions>cpp;c;cc;cxx;c++;cppm;ixx;def;odl;idl;hpj;bat;asm;asmx</Extensions>
    </Filter>
    <Filter Include="헤더 파일">
      <UniqueIdentifier>{93995380-89BD-4b04-88EB-625FBE52EBFB}</UniqueIdentifier>
      <Extensions>h;hh;hpp;hxx;h++;hm;inl;inc;ipp;xsd</Extensions>
    </Filter>
    <Filter Include="리소스 파일">
      <UniqueIdentifier>{67DA6AB6-F800-4c08-8B7A-83BB121AAD01}</UniqueIdentifier>
      <Extensions>rc;ico;cur;bmp;dlg;rc2;rct;bin;rgs;gif;jpg;jpeg;jpe;resx;tiff;tif;png;wav;mfcribbon-ms</Extensions>
    </Filter>
    <Filter Include="소스 파일\Renderer">
      <UniqueIdentifier>{d3793654-85a3-4a24-877f-18c6e22356ec}</UniqueIdentifier>
    </Filter>
    <Filter Include="소스 파일\Shader">
      <UniqueIdentifier>{94272436-00a5-4240-be10-085ee3e42e81}</UniqueIdentifier>
    </Filter>
    <Filter Include="소스 파일\Renderer\RenderState">
      <UniqueIdentifier>{5bb6ea15-ec89-49c4-92eb-f3d30d629932}</UniqueIdentifier>
    </Filter>
    <Filter Include="소스 파일\Renderer\RenderState\Shadow">
      <UniqueIdentifier>{6113e5ac-3fb0-40b7-8ec7-54b9227c4f80}</UniqueIdentifier>
    </Filter>
    <Filter Include="소스 파일\Renderer\RenderState\Deferred">
      <UniqueIdentifier>{6cb0a81a-39e5-42f4-bbcc-d2bbb69ca579}</UniqueIdentifier>
    </Filter>
    <Filter Include="소스 파일\Renderer\RenderState\SSAO">
      <UniqueIdentifier>{bfeb7af3-a627-4905-b1e2-406f0ef93259}</UniqueIdentifier>
    </Filter>
    <Filter Include="소스 파일\Renderer\RenderState\PostProcessing">
      <UniqueIdentifier>{1b803ac8-ff72-42f9-9732-fbc159f80bfd}</UniqueIdentifier>
    </Filter>
    <Filter Include="소스 파일\Renderer\RenderState\PostProcessing\Blur">
      <UniqueIdentifier>{279bc0d9-64b6-4b8e-b375-14fa674b62c3}</UniqueIdentifier>
    </Filter>
    <Filter Include="소스 파일\Renderer\RenderState\PostProcessing\MotionBlur">
      <UniqueIdentifier>{e66b9488-b556-4324-b101-501bbdd69123}</UniqueIdentifier>
    </Filter>
    <Filter Include="소스 파일\Renderer\RenderState\Light">
      <UniqueIdentifier>{d916299b-c111-4436-b2b9-acb7dd62d47f}</UniqueIdentifier>
    </Filter>
    <Filter Include="소스 파일\Renderer\RenderResource">
      <UniqueIdentifier>{29f02623-e306-43bb-b283-ceca7eb83a18}</UniqueIdentifier>
    </Filter>
    <Filter Include="소스 파일\Renderer\RenderResource\DepthStencil">
      <UniqueIdentifier>{53a16fcb-58e4-454d-86d3-092f13e509ef}</UniqueIdentifier>
    </Filter>
    <Filter Include="소스 파일\Renderer\RenderResource\RenderTarget">
      <UniqueIdentifier>{8fd5d1ad-a26b-440c-b9a5-d69daf50e6d7}</UniqueIdentifier>
    </Filter>
    <Filter Include="소스 파일\Renderer\RenderResource\Blend">
      <UniqueIdentifier>{87d5948d-d9d3-4a54-8201-52104588c062}</UniqueIdentifier>
    </Filter>
    <Filter Include="소스 파일\Renderer\RenderResource\ViewPort">
      <UniqueIdentifier>{681da163-f11a-4944-a1fa-415321f95e0a}</UniqueIdentifier>
    </Filter>
    <Filter Include="소스 파일\Renderer\RenderResource\Rasterizer">
      <UniqueIdentifier>{654a219b-111f-4031-b5aa-618a8fcd83d7}</UniqueIdentifier>
    </Filter>
    <Filter Include="소스 파일\Renderer\RenderState\RenderBase">
      <UniqueIdentifier>{c096983e-e671-488f-af73-d163d9a7772e}</UniqueIdentifier>
    </Filter>
    <Filter Include="소스 파일\Renderer\Define">
      <UniqueIdentifier>{9ed2e7f9-6443-4843-b53b-ea7a087bcf7d}</UniqueIdentifier>
    </Filter>
    <Filter Include="소스 파일\Shader\ShaderClass">
      <UniqueIdentifier>{7dd4e53d-6aa4-4f95-bfe8-41bc7866d640}</UniqueIdentifier>
    </Filter>
    <Filter Include="소스 파일\Shader\ShaderClass\ComputeShader">
      <UniqueIdentifier>{10b837d2-f703-4981-bfb2-dafd1755690c}</UniqueIdentifier>
    </Filter>
    <Filter Include="소스 파일\Shader\ShaderClass\PixelShader">
      <UniqueIdentifier>{3e1472fc-2d55-4e29-bb09-14515f0a3d59}</UniqueIdentifier>
    </Filter>
    <Filter Include="소스 파일\Shader\ShaderClass\VertexShader">
      <UniqueIdentifier>{bffc6c2b-015a-4a20-8f74-4fbda52fa904}</UniqueIdentifier>
    </Filter>
    <Filter Include="소스 파일\Manager">
      <UniqueIdentifier>{013f4444-86d5-49fb-b879-8b32349366ac}</UniqueIdentifier>
    </Filter>
    <Filter Include="소스 파일\Manager\Resource">
      <UniqueIdentifier>{dda58a71-24db-4a27-9068-3a04298f1b1a}</UniqueIdentifier>
    </Filter>
    <Filter Include="소스 파일\Shader\ShaderClass\ShaderBase">
      <UniqueIdentifier>{86089128-aa66-450d-96ea-3dd998a71cd5}</UniqueIdentifier>
    </Filter>
    <Filter Include="소스 파일\Shader\ShaderResource">
      <UniqueIdentifier>{5c707931-5597-4146-87cc-1b596dd5fd62}</UniqueIdentifier>
    </Filter>
    <Filter Include="소스 파일\Shader\HashTable">
      <UniqueIdentifier>{86f97bbf-2905-4f4c-a48c-93b282ae80ad}</UniqueIdentifier>
    </Filter>
  </ItemGroup>
  <ItemGroup>
    <ClInclude Include="framework.h">
      <Filter>헤더 파일</Filter>
    </ClInclude>
    <ClInclude Include="D3D11Renderer.h">
      <Filter>소스 파일\Renderer</Filter>
    </ClInclude>
    <ClInclude Include="DirectDefine.h">
      <Filter>소스 파일\Renderer\Define</Filter>
    </ClInclude>
    <ClInclude Include="Shadow.h">
      <Filter>소스 파일\Renderer\RenderState\Shadow</Filter>
    </ClInclude>
    <ClInclude Include="RenderBase.h">
      <Filter>소스 파일\Renderer\RenderState\RenderBase</Filter>
    </ClInclude>
    <ClInclude Include="ShaderBase.h">
      <Filter>소스 파일\Shader\ShaderClass\ShaderBase</Filter>
    </ClInclude>
    <ClInclude Include="ComputeShader.h">
      <Filter>소스 파일\Shader\ShaderClass\ComputeShader</Filter>
    </ClInclude>
    <ClInclude Include="PixelShader.h">
      <Filter>소스 파일\Shader\ShaderClass\PixelShader</Filter>
    </ClInclude>
    <ClInclude Include="VertexShader.h">
      <Filter>소스 파일\Shader\ShaderClass\VertexShader</Filter>
    </ClInclude>
    <ClInclude Include="ConstantBufferDefine.h">
      <Filter>소스 파일\Shader\ShaderResource</Filter>
    </ClInclude>
    <ClInclude Include="ShaderResourceViewDefine.h">
      <Filter>소스 파일\Shader\ShaderResource</Filter>
    </ClInclude>
    <ClInclude Include="UnorderedAccessViewDefine.h">
      <Filter>소스 파일\Shader\ShaderResource</Filter>
    </ClInclude>
    <ClInclude Include="ShaderResourceBase.h">
      <Filter>소스 파일\Shader\ShaderClass\ShaderBase</Filter>
    </ClInclude>
    <ClInclude Include="SamplerStateDefine.h">
      <Filter>소스 파일\Shader\ShaderResource</Filter>
    </ClInclude>
    <ClInclude Include="ShaderResourceHash.h">
      <Filter>소스 파일\Shader\HashTable</Filter>
    </ClInclude>
    <ClInclude Include="ResourceManager.h">
      <Filter>소스 파일\Manager\Resource</Filter>
    </ClInclude>
    <ClInclude Include="ClassType.h">
      <Filter>소스 파일\Renderer\Define</Filter>
    </ClInclude>
    <ClInclude Include="ResourceManagerBase.h">
      <Filter>소스 파일\Manager\Resource</Filter>
    </ClInclude>
    <ClInclude Include="EnumDefine.h">
      <Filter>소스 파일\Renderer\Define</Filter>
    </ClInclude>
  </ItemGroup>
  <ItemGroup>
    <ClCompile Include="dllmain.cpp">
      <Filter>소스 파일</Filter>
    </ClCompile>
    <ClCompile Include="D3D11Renderer.cpp">
      <Filter>소스 파일\Renderer</Filter>
    </ClCompile>
    <ClCompile Include="Shadow.cpp">
      <Filter>소스 파일\Renderer\RenderState\Shadow</Filter>
    </ClCompile>
    <ClCompile Include="ComputeShader.cpp">
      <Filter>소스 파일\Shader\ShaderClass\ComputeShader</Filter>
    </ClCompile>
    <ClCompile Include="PixelShader.cpp">
      <Filter>소스 파일\Shader\ShaderClass\PixelShader</Filter>
    </ClCompile>
    <ClCompile Include="VertexShader.cpp">
      <Filter>소스 파일\Shader\ShaderClass\VertexShader</Filter>
    </ClCompile>
    <ClCompile Include="ResourceManager.cpp">
      <Filter>소스 파일\Manager\Resource</Filter>
    </ClCompile>
    <ClCompile Include="ShaderBase.cpp">
      <Filter>소스 파일\Shader\ShaderClass\ShaderBase</Filter>
    </ClCompile>
  </ItemGroup>
</Project>